
Microsoft Visual Studio Solution File, Format Version 12.00
# Visual Studio Version 17
VisualStudioVersion = 17.5.002.0
MinimumVisualStudioVersion = 10.0.40219.1
Project("{9A19103F-16F7-4668-BE54-9A1E7A4F7556}") = "menu-interativo-dotnet", "menu-interativo-dotnet.csproj", "{87B207EF-6C74-4446-BADF-D3FB0227CB1C}"
EndProject
Global
	GlobalSection(SolutionConfigurationPlatforms) = preSolution
		Debug|Any CPU = Debug|Any CPU
		Release|Any CPU = Release|Any CPU
	EndGlobalSection
	GlobalSection(ProjectConfigurationPlatforms) = postSolution
		{87B207EF-6C74-4446-BADF-D3FB0227CB1C}.Debug|Any CPU.ActiveCfg = Debug|Any CPU
		{87B207EF-6C74-4446-BADF-D3FB0227CB1C}.Debug|Any CPU.Build.0 = Debug|Any CPU
		{87B207EF-6C74-4446-BADF-D3FB0227CB1C}.Release|Any CPU.ActiveCfg = Release|Any CPU
		{87B207EF-6C74-4446-BADF-D3FB0227CB1C}.Release|Any CPU.Build.0 = Release|Any CPU
	EndGlobalSection
	GlobalSection(SolutionProperties) = preSolution
		HideSolutionNode = FALSE
	EndGlobalSection
	GlobalSection(ExtensibilityGlobals) = postSolution
		SolutionGuid = {0CA3B568-24C1-43B0-A1CF-1679039BFCAD}
	EndGlobalSection
EndGlobal
